
Microsoft Visual Studio Solution File, Format Version 12.00
# Visual Studio Version 16
VisualStudioVersion = 16.0.31019.35
MinimumVisualStudioVersion = 10.0.40219.1
Project("{9A19103F-16F7-4668-BE54-9A1E7A4F7556}") = "BlazorUltime", "BlazorUltime\BlazorUltime.csproj", "{FDE82428-B382-4C52-B5E8-9BA38926CF17}"
EndProject
Project("{FAE04EC0-301F-11D3-BF4B-00C04F79EFBC}") = "BalzorAzure", "BalzorAzure\BalzorAzure.csproj", "{C0E333FE-7984-4817-B8AE-6F3DE744B21A}"
EndProject
Global
	GlobalSection(SolutionConfigurationPlatforms) = preSolution
		Debug|Any CPU = Debug|Any CPU
		Release|Any CPU = Release|Any CPU
	EndGlobalSection
	GlobalSection(ProjectConfigurationPlatforms) = postSolution
		{FDE82428-B382-4C52-B5E8-9BA38926CF17}.Debug|Any CPU.ActiveCfg = Debug|Any CPU
		{FDE82428-B382-4C52-B5E8-9BA38926CF17}.Debug|Any CPU.Build.0 = Debug|Any CPU
		{FDE82428-B382-4C52-B5E8-9BA38926CF17}.Release|Any CPU.ActiveCfg = Release|Any CPU
		{FDE82428-B382-4C52-B5E8-9BA38926CF17}.Release|Any CPU.Build.0 = Release|Any CPU
		{C0E333FE-7984-4817-B8AE-6F3DE744B21A}.Debug|Any CPU.ActiveCfg = Debug|Any CPU
		{C0E333FE-7984-4817-B8AE-6F3DE744B21A}.Debug|Any CPU.Build.0 = Debug|Any CPU
		{C0E333FE-7984-4817-B8AE-6F3DE744B21A}.Release|Any CPU.ActiveCfg = Release|Any CPU
		{C0E333FE-7984-4817-B8AE-6F3DE744B21A}.Release|Any CPU.Build.0 = Release|Any CPU
	EndGlobalSection
	GlobalSection(SolutionProperties) = preSolution
		HideSolutionNode = FALSE
	EndGlobalSection
	GlobalSection(ExtensibilityGlobals) = postSolution
		SolutionGuid = {BE81F855-EFCD-475F-848C-53F1EBF75C8B}
	EndGlobalSection
EndGlobal
